// !$*UTF8*$!
{
	archiveVersion = 1;
	classes = {
	};
	objectVersion = 46;
	objects = {

/* Begin PBXBuildFile section */
		C6B645041C3CCF95002DDAE5 /* main.m in Sources */ = {isa = PBXBuildFile; fileRef = C6B645031C3CCF95002DDAE5 /* main.m */; };
		C6B645071C3CCF95002DDAE5 /* AppDelegate.m in Sources */ = {isa = PBXBuildFile; fileRef = C6B645061C3CCF95002DDAE5 /* AppDelegate.m */; };
		C6B6450A1C3CCF95002DDAE5 /* ViewController.m in Sources */ = {isa = PBXBuildFile; fileRef = C6B645091C3CCF95002DDAE5 /* ViewController.m */; };
		C6B6450F1C3CCF95002DDAE5 /* Assets.xcassets in Resources */ = {isa = PBXBuildFile; fileRef = C6B6450E1C3CCF95002DDAE5 /* Assets.xcassets */; };
		C6B645121C3CCF95002DDAE5 /* LaunchScreen.storyboard in Resources */ = {isa = PBXBuildFile; fileRef = C6B645101C3CCF95002DDAE5 /* LaunchScreen.storyboard */; };
		E1AC4F715D82F6AA893386F2 /* Pods_json_example.framework in Frameworks */ = {isa = PBXBuildFile; fileRef = B89409A9E24184CE836DE91B /* Pods_json_example.framework */; };
/* End PBXBuildFile section */

/* Begin PBXFileReference section */
		5728EF93A7BCB7A0412ABBCD /* Pods-json-example.release.xcconfig */ = {isa = PBXFileReference; includeInIndex = 1; lastKnownFileType = text.xcconfig; name = "Pods-json-example.release.xcconfig"; path = "Pods/Target Support Files/Pods-json-example/Pods-json-example.release.xcconfig"; sourceTree = "<group>"; };
		A6E90C5D23A08B50C6DD9AF5 /* Pods-json-example.debug.xcconfig */ = {isa = PBXFileReference; includeInIndex = 1; lastKnownFileType = text.xcconfig; name = "Pods-json-example.debug.xcconfig"; path = "Pods/Target Support Files/Pods-json-example/Pods-json-example.debug.xcconfig"; sourceTree = "<group>"; };
		B89409A9E24184CE836DE91B /* Pods_json_example.framework */ = {isa = PBXFileReference; explicitFileType = wrapper.framework; includeInIndex = 0; path = Pods_json_example.framework; sourceTree = BUILT_PRODUCTS_DIR; };
		C66862CA1C3CE26A00546F39 /* Items.h */ = {isa = PBXFileReference; lastKnownFileType = sourcecode.c.h; path = Items.h; sourceTree = "<group>"; };
		C66862CB1C3CE26A00546F39 /* Model.h */ = {isa = PBXFileReference; lastKnownFileType = sourcecode.c.h; path = Model.h; sourceTree = "<group>"; };
		C6B644FF1C3CCF95002DDAE5 /* json-example.app */ = {isa = PBXFileReference; explicitFileType = wrapper.application; includeInIndex = 0; path = "json-example.app"; sourceTree = BUILT_PRODUCTS_DIR; };
		C6B645031C3CCF95002DDAE5 /* main.m */ = {isa = PBXFileReference; lastKnownFileType = sourcecode.c.objc; path = main.m; sourceTree = "<group>"; };
		C6B645051C3CCF95002DDAE5 /* AppDelegate.h */ = {isa = PBXFileReference; lastKnownFileType = sourcecode.c.h; path = AppDelegate.h; sourceTree = "<group>"; };
		C6B645061C3CCF95002DDAE5 /* AppDelegate.m */ = {isa = PBXFileReference; lastKnownFileType = sourcecode.c.objc; path = AppDelegate.m; sourceTree = "<group>"; };
		C6B645081C3CCF95002DDAE5 /* ViewController.h */ = {isa = PBXFileReference; lastKnownFileType = sourcecode.c.h; path = ViewController.h; sourceTree = "<group>"; };
		C6B645091C3CCF95002DDAE5 /* ViewController.m */ = {isa = PBXFileReference; lastKnownFileType = sourcecode.c.objc; path = ViewController.m; sourceTree = "<group>"; };
		C6B6450E1C3CCF95002DDAE5 /* Assets.xcassets */ = {isa = PBXFileReference; lastKnownFileType = folder.assetcatalog; path = Assets.xcassets; sourceTree = "<group>"; };
		C6B645111C3CCF95002DDAE5 /* Base */ = {isa = PBXFileReference; lastKnownFileType = file.storyboard; name = Base; path = Base.lproj/LaunchScreen.storyboard; sourceTree = "<group>"; };
		C6B645131C3CCF95002DDAE5 /* Info.plist */ = {isa = PBXFileReference; lastKnownFileType = text.plist.xml; path = Info.plist; sourceTree = "<group>"; };
/* End PBXFileReference section */

/* Begin PBXFrameworksBuildPhase section */
		C6B644FC1C3CCF95002DDAE5 /* Frameworks */ = {
			isa = PBXFrameworksBuildPhase;
			buildActionMask = 2147483647;
			files = (
				E1AC4F715D82F6AA893386F2 /* Pods_json_example.framework in Frameworks */,
			);
			runOnlyForDeploymentPostprocessing = 0;
		};
/* End PBXFrameworksBuildPhase section */

/* Begin PBXGroup section */
		9F3009FF33D1D888577C4612 /* Frameworks */ = {
			isa = PBXGroup;
			children = (
				B89409A9E24184CE836DE91B /* Pods_json_example.framework */,
			);
			name = Frameworks;
			sourceTree = "<group>";
		};
		C526C3B67FAB6DADB4424FF1 /* Pods */ = {
			isa = PBXGroup;
			children = (
				A6E90C5D23A08B50C6DD9AF5 /* Pods-json-example.debug.xcconfig */,
				5728EF93A7BCB7A0412ABBCD /* Pods-json-example.release.xcconfig */,
			);
			name = Pods;
			sourceTree = "<group>";
		};
		C66862C71C3CE16100546F39 /* Model */ = {
			isa = PBXGroup;
			children = (
				C66862CA1C3CE26A00546F39 /* Items.h */,
				C66862CB1C3CE26A00546F39 /* Model.h */,
			);
			name = Model;
			sourceTree = "<group>";
		};
		C6B644F61C3CCF95002DDAE5 = {
			isa = PBXGroup;
			children = (
				C6B645011C3CCF95002DDAE5 /* json-example */,
				C6B645001C3CCF95002DDAE5 /* Products */,
				C526C3B67FAB6DADB4424FF1 /* Pods */,
				9F3009FF33D1D888577C4612 /* Frameworks */,
			);
			sourceTree = "<group>";
		};
		C6B645001C3CCF95002DDAE5 /* Products */ = {
			isa = PBXGroup;
			children = (
				C6B644FF1C3CCF95002DDAE5 /* json-example.app */,
			);
			name = Products;
			sourceTree = "<group>";
		};
		C6B645011C3CCF95002DDAE5 /* json-example */ = {
			isa = PBXGroup;
			children = (
				C66862C71C3CE16100546F39 /* Model */,
				C6B645051C3CCF95002DDAE5 /* AppDelegate.h */,
				C6B645061C3CCF95002DDAE5 /* AppDelegate.m */,
				C6B645081C3CCF95002DDAE5 /* ViewController.h */,
				C6B645091C3CCF95002DDAE5 /* ViewController.m */,
				C6B6450E1C3CCF95002DDAE5 /* Assets.xcassets */,
				C6B645101C3CCF95002DDAE5 /* LaunchScreen.storyboard */,
				C6B645131C3CCF95002DDAE5 /* Info.plist */,
				C6B645021C3CCF95002DDAE5 /* Supporting Files */,
			);
			path = "json-example";
			sourceTree = "<group>";
		};
		C6B645021C3CCF95002DDAE5 /* Supporting Files */ = {
			isa = PBXGroup;
			children = (
				C6B645031C3CCF95002DDAE5 /* main.m */,
			);
			name = "Supporting Files";
			sourceTree = "<group>";
		};
/* End PBXGroup section */

/* Begin PBXNativeTarget section */
		C6B644FE1C3CCF95002DDAE5 /* json-example */ = {
			isa = PBXNativeTarget;
			buildConfigurationList = C6B645161C3CCF95002DDAE5 /* Build configuration list for PBXNativeTarget "json-example" */;
			buildPhases = (
				8C6848C29F73AD68D883F692 /* Check Pods Manifest.lock */,
				C6B644FB1C3CCF95002DDAE5 /* Sources */,
				C6B644FC1C3CCF95002DDAE5 /* Frameworks */,
				C6B644FD1C3CCF95002DDAE5 /* Resources */,
				426CC7EEB1AF23F133848DA4 /* Embed Pods Frameworks */,
				5A5C3C5753182101506CEB1D /* Copy Pods Resources */,
			);
			buildRules = (
			);
			dependencies = (
			);
			name = "json-example";
			productName = "json-example";
			productReference = C6B644FF1C3CCF95002DDAE5 /* json-example.app */;
			productType = "com.apple.product-type.application";
		};
/* End PBXNativeTarget section */

/* Begin PBXProject section */
		C6B644F71C3CCF95002DDAE5 /* Project object */ = {
			isa = PBXProject;
			attributes = {
				LastUpgradeCheck = 0720;
				ORGANIZATIONNAME = denghb;
				TargetAttributes = {
					C6B644FE1C3CCF95002DDAE5 = {
						CreatedOnToolsVersion = 7.2;
						DevelopmentTeam = 4M9BRMVTEK;
					};
				};
			};
			buildConfigurationList = C6B644FA1C3CCF95002DDAE5 /* Build configuration list for PBXProject "json-example" */;
			compatibilityVersion = "Xcode 3.2";
			developmentRegion = English;
			hasScannedForEncodings = 0;
			knownRegions = (
				en,
				Base,
			);
			mainGroup = C6B644F61C3CCF95002DDAE5;
			productRefGroup = C6B645001C3CCF95002DDAE5 /* Products */;
			projectDirPath = "";
			projectRoot = "";
			targets = (
				C6B644FE1C3CCF95002DDAE5 /* json-example */,
			);
		};
/* End PBXProject section */

/* Begin PBXResourcesBuildPhase section */
		C6B644FD1C3CCF95002DDAE5 /* Resources */ = {
			isa = PBXResourcesBuildPhase;
			buildActionMask = 2147483647;
			files = (
				C6B645121C3CCF95002DDAE5 /* LaunchScreen.storyboard in Resources */,
				C6B6450F1C3CCF95002DDAE5 /* Assets.xcassets in Resources */,
			);
			runOnlyForDeploymentPostprocessing = 0;
		};
/* End PBXResourcesBuildPhase section */

/* Begin PBXShellScriptBuildPhase section */
		426CC7EEB1AF23F133848DA4 /* Embed Pods Frameworks */ = {
			isa = PBXShellScriptBuildPhase;
			buildActionMask = 2147483647;
			files = (
			);
			inputPaths = (
			);
			name = "Embed Pods Frameworks";
			outputPaths = (
			);
			runOnlyForDeploymentPostprocessing = 0;
			shellPath = /bin/sh;
			shellScript = "\"${SRCROOT}/Pods/Target Support Files/Pods-json-example/Pods-json-example-frameworks.sh\"\n";
			showEnvVarsInLog = 0;
		};
		5A5C3C5753182101506CEB1D /* Copy Pods Resources */ = {
			isa = PBXShellScriptBuildPhase;
			buildActionMask = 2147483647;
			files = (
			);
			inputPaths = (
			);
			name = "Copy Pods Resources";
			outputPaths = (
			);
			runOnlyForDeploymentPostprocessing = 0;
			shellPath = /bin/sh;
			shellScript = "\"${SRCROOT}/Pods/Target Support Files/Pods-json-example/Pods-json-example-resources.sh\"\n";
			showEnvVarsInLog = 0;
		};
		8C6848C29F73AD68D883F692 /* Check Pods Manifest.lock */ = {
			isa = PBXShellScriptBuildPhase;
			buildActionMask = 2147483647;
			files = (
			);
			inputPaths = (
			);
			name = "Check Pods Manifest.lock";
			outputPaths = (
			);
			runOnlyForDeploymentPostprocessing = 0;
			shellPath = /bin/sh;
			shellScript = "diff \"${PODS_ROOT}/../Podfile.lock\" \"${PODS_ROOT}/Manifest.lock\" > /dev/null\nif [[ $? != 0 ]] ; then\n    cat << EOM\nerror: The sandbox is not in sync with the Podfile.lock. Run 'pod install' or update your CocoaPods installation.\nEOM\n    exit 1\nfi\n";
			showEnvVarsInLog = 0;
		};
/* End PBXShellScriptBuildPhase section */

/* Begin PBXSourcesBuildPhase section */
		C6B644FB1C3CCF95002DDAE5 /* Sources */ = {
			isa = PBXSourcesBuildPhase;
			buildActionMask = 2147483647;
			files = (
				C6B6450A1C3CCF95002DDAE5 /* ViewController.m in Sources */,
				C6B645071C3CCF95002DDAE5 /* AppDelegate.m in Sources */,
				C6B645041C3CCF95002DDAE5 /* main.m in Sources */,
			);
			runOnlyForDeploymentPostprocessing = 0;
		};
/* End PBXSourcesBuildPhase section */

/* Begin PBXVariantGroup section */
		C6B645101C3CCF95002DDAE5 /* LaunchScreen.storyboard */ = {
			isa = PBXVariantGroup;
			children = (
				C6B645111C3CCF95002DDAE5 /* Base */,
			);
			name = LaunchScreen.storyboard;
			sourceTree = "<group>";
		};
/* End PBXVariantGroup section */

/* Begin XCBuildConfiguration section */
		C6B645141C3CCF95002DDAE5 /* Debug */ = {
			isa = XCBuildConfiguration;
			buildSettings = {
				ALWAYS_SEARCH_USER_PATHS = NO;
				CLANG_CXX_LANGUAGE_STANDARD = "gnu++0x";
				CLANG_CXX_LIBRARY = "libc++";
				CLANG_ENABLE_MODULES = YES;
				CLANG_ENABLE_OBJC_ARC = YES;
				CLANG_WARN_BOOL_CONVERSION = YES;
				CLANG_WARN_CONSTANT_CONVERSION = YES;
				CLANG_WARN_DIRECT_OBJC_ISA_USAGE = YES_ERROR;
				CLANG_WARN_EMPTY_BODY = YES;
				CLANG_WARN_ENUM_CONVERSION = YES;
				CLANG_WARN_INT_CONVERSION = YES;
				CLANG_WARN_OBJC_ROOT_CLASS = YES_ERROR;
				CLANG_WARN_UNREACHABLE_CODE = YES;
				CLANG_WARN__DUPLICATE_METHOD_MATCH = YES;
				"CODE_SIGN_IDENTITY[sdk=iphoneos*]" = "iPhone Developer";
				COPY_PHASE_STRIP = NO;
				DEBUG_INFORMATION_FORMAT = dwarf;
				ENABLE_STRICT_OBJC_MSGSEND = YES;
				ENABLE_TESTABILITY = YES;
				GCC_C_LANGUAGE_STANDARD = gnu99;
				GCC_DYNAMIC_NO_PIC = NO;
				GCC_NO_COMMON_BLOCKS = YES;
				GCC_OPTIMIZATION_LEVEL = 0;
				GCC_PREPROCESSOR_DEFINITIONS = (
					"DEBUG=1",
					"$(inherited)",
				);
				GCC_WARN_64_TO_32_BIT_CONVERSION = YES;
				GCC_WARN_ABOUT_RETURN_TYPE = YES_ERROR;
				GCC_WARN_UNDECLARED_SELECTOR = YES;
				GCC_WARN_UNINITIALIZED_AUTOS = YES_AGGRESSIVE;
				GCC_WARN_UNUSED_FUNCTION = YES;
				GCC_WARN_UNUSED_VARIABLE = YES;
				IPHONEOS_DEPLOYMENT_TARGET = 9.2;
				MTL_ENABLE_DEBUG_INFO = YES;
				ONLY_ACTIVE_ARCH = YES;
				SDKROOT = iphoneos;
				TARGETED_DEVICE_FAMILY = "1,2";
			};
			name = Debug;
		};
		C6B645151C3CCF95002DDAE5 /* Release */ = {
			isa = XCBuildConfiguration;
			buildSettings = {
				ALWAYS_SEARCH_USER_PATHS = NO;
				CLANG_CXX_LANGUAGE_STANDARD = "gnu++0x";
				CLANG_CXX_LIBRARY = "libc++";
				CLANG_ENABLE_MODULES = YES;
				CLANG_ENABLE_OBJC_ARC = YES;
				CLANG_WARN_BOOL_CONVERSION = YES;
				CLANG_WARN_CONSTANT_CONVERSION = YES;
				CLANG_WARN_DIRECT_OBJC_ISA_USAGE = YES_ERROR;
				CLANG_WARN_EMPTY_BODY = YES;
				CLANG_WARN_ENUM_CONVERSION = YES;
				CLANG_WARN_INT_CONVERSION = YES;
				CLANG_WARN_OBJC_ROOT_CLASS = YES_ERROR;
				CLANG_WARN_UNREACHABLE_CODE = YES;
				CLANG_WARN__DUPLICATE_METHOD_MATCH = YES;
				"CODE_SIGN_IDENTITY[sdk=iphoneos*]" = "iPhone Developer";
				COPY_PHASE_STRIP = NO;
				DEBUG_INFORMATION_FORMAT = "dwarf-with-dsym";
				ENABLE_NS_ASSERTIONS = NO;
				ENABLE_STRICT_OBJC_MSGSEND = YES;
				GCC_C_LANGUAGE_STANDARD = gnu99;
				GCC_NO_COMMON_BLOCKS = YES;
				GCC_WARN_64_TO_32_BIT_CONVERSION = YES;
				GCC_WARN_ABOUT_RETURN_TYPE = YES_ERROR;
				GCC_WARN_UNDECLARED_SELECTOR = YES;
				GCC_WARN_UNINITIALIZED_AUTOS = YES_AGGRESSIVE;
				GCC_WARN_UNUSED_FUNCTION = YES;
				GCC_WARN_UNUSED_VARIABLE = YES;
				IPHONEOS_DEPLOYMENT_TARGET = 9.2;
				MTL_ENABLE_DEBUG_INFO = NO;
				SDKROOT = iphoneos;
				TARGETED_DEVICE_FAMILY = "1,2";
				VALIDATE_PRODUCT = YES;
			};
			name = Release;
		};
		C6B645171C3CCF95002DDAE5 /* Debug */ = {
			isa = XCBuildConfiguration;
			baseConfigurationReference = A6E90C5D23A08B50C6DD9AF5 /* Pods-json-example.debug.xcconfig */;
			buildSettings = {
				ASSETCATALOG_COMPILER_APPICON_NAME = AppIcon;
				INFOPLIST_FILE = "json-example/Info.plist";
				IPHONEOS_DEPLOYMENT_TARGET = 7.0;
				LD_RUNPATH_SEARCH_PATHS = "$(inherited) @executable_path/Frameworks";
				PRODUCT_BUNDLE_IDENTIFIER = "com.denghb.json-example";
				PRODUCT_NAME = "$(TARGET_NAME)";
			};
			name = Debug;
		};
		C6B645181C3CCF95002DDAE5 /* Release */ = {
			isa = XCBuildConfiguration;
			baseConfigurationReference = 5728EF93A7BCB7A0412ABBCD /* Pods-json-example.release.xcconfig */;
			buildSettings = {
				ASSETCATALOG_COMPILER_APPICON_NAME = AppIcon;
				INFOPLIST_FILE = "json-example/Info.plist";
				IPHONEOS_DEPLOYMENT_TARGET = 7.0;
				LD_RUNPATH_SEARCH_PATHS = "$(inherited) @executable_path/Frameworks";
				PRODUCT_BUNDLE_IDENTIFIER = "com.denghb.json-example";
				PRODUCT_NAME = "$(TARGET_NAME)";
			};
			name = Release;
		};
/* End XCBuildConfiguration section */

/* Begin XCConfigurationList section */
		C6B644FA1C3CCF95002DDAE5 /* Build configuration list for PBXProject "json-example" */ = {
			isa = XCConfigurationList;
			buildConfigurations = (
				C6B645141C3CCF95002DDAE5 /* Debug */,
				C6B645151C3CCF95002DDAE5 /* Release */,
			);
			defaultConfigurationIsVisible = 0;
			defaultConfigurationName = Release;
		};
		C6B645161C3CCF95002DDAE5 /* Build configuration list for PBXNativeTarget "json-example" */ = {
			isa = XCConfigurationList;
			buildConfigurations = (
				C6B645171C3CCF95002DDAE5 /* Debug */,
				C6B645181C3CCF95002DDAE5 /* Release */,
			);
			defaultConfigurationIsVisible = 0;
			defaultConfigurationName = Release;
		};
/* End XCConfigurationList section */
	};
	rootObject = C6B644F71C3CCF95002DDAE5 /* Project object */;
}
